
Microsoft Visual Studio Solution File, Format Version 12.00
# Visual Studio 15
VisualStudioVersion = 15.0.26730.16
MinimumVisualStudioVersion = 10.0.40219.1
Project("{8BC9CEB8-8B4A-11D0-8D11-00A0C91BC942}") = "game", "game\game.vcxproj", "{6CDD9C9E-620D-4928-935B-B840314CE97D}"
EndProject
Project("{8BC9CEB8-8B4A-11D0-8D11-00A0C91BC942}") = "aladdin", "aladdin\aladdin.vcxproj", "{DB575569-EBF7-40EF-AD2D-EC18D8C08910}"
EndProject
Global
	GlobalSection(SolutionConfigurationPlatforms) = preSolution
		Debug|x64 = Debug|x64
		Debug|x86 = Debug|x86
		Release|x64 = Release|x64
		Release|x86 = Release|x86
	EndGlobalSection
	GlobalSection(ProjectConfigurationPlatforms) = postSolution
		{6CDD9C9E-620D-4928-935B-B840314CE97D}.Debug|x64.ActiveCfg = Debug|x64
		{6CDD9C9E-620D-4928-935B-B840314CE97D}.Debug|x64.Build.0 = Debug|x64
		{6CDD9C9E-620D-4928-935B-B840314CE97D}.Debug|x86.ActiveCfg = Debug|Win32
		{6CDD9C9E-620D-4928-935B-B840314CE97D}.Debug|x86.Build.0 = Debug|Win32
		{6CDD9C9E-620D-4928-935B-B840314CE97D}.Release|x64.ActiveCfg = Release|x64
		{6CDD9C9E-620D-4928-935B-B840314CE97D}.Release|x64.Build.0 = Release|x64
		{6CDD9C9E-620D-4928-935B-B840314CE97D}.Release|x86.ActiveCfg = Release|Win32
		{6CDD9C9E-620D-4928-935B-B840314CE97D}.Release|x86.Build.0 = Release|Win32
		{DB575569-EBF7-40EF-AD2D-EC18D8C08910}.Debug|x64.ActiveCfg = Debug|x64
		{DB575569-EBF7-40EF-AD2D-EC18D8C08910}.Debug|x64.Build.0 = Debug|x64
		{DB575569-EBF7-40EF-AD2D-EC18D8C08910}.Debug|x86.ActiveCfg = Debug|Win32
		{DB575569-EBF7-40EF-AD2D-EC18D8C08910}.Debug|x86.Build.0 = Debug|Win32
		{DB575569-EBF7-40EF-AD2D-EC18D8C08910}.Release|x64.ActiveCfg = Release|x64
		{DB575569-EBF7-40EF-AD2D-EC18D8C08910}.Release|x64.Build.0 = Release|x64
		{DB575569-EBF7-40EF-AD2D-EC18D8C08910}.Release|x86.ActiveCfg = Release|Win32
		{DB575569-EBF7-40EF-AD2D-EC18D8C08910}.Release|x86.Build.0 = Release|Win32
	EndGlobalSection
	GlobalSection(SolutionProperties) = preSolution
		HideSolutionNode = FALSE
	EndGlobalSection
	GlobalSection(ExtensibilityGlobals) = postSolution
		SolutionGuid = {034A9944-A7E5-409F-ABF7-2ED458DADB67}
	EndGlobalSection
EndGlobal
